<?xml version="1.0" encoding="UTF-8" standalone="yes" ?>
<CodeBlocks_project_file>
	<FileVersion major="1" minor="6" />
	<Project>
		<Option title="QuickEngine" />
		<Option platforms="Windows;Unix;" />
		<Option pch_mode="2" />
		<Option compiler="cygwin" />
		<Build>
			<Target title="Debug">
				<Option platforms="Windows;Unix;" />
				<Option output="../QuickEngine_debug" prefix_auto="1" extension_auto="1" />
				<Option object_output="../obj/Debug/" />
				<Option external_deps="../libs/DevIL.lib;../libs/ILUT.lib;../libs/ILU.lib;../libs/glfw3.lib;../libs/glew32.lib;" />
				<Option type="1" />
				<Option compiler="cygwin" />
				<Compiler>
					<Add option="-g" />
				</Compiler>
				<Linker>
					<Add library="../libs/DevIL.lib" />
					<Add library="../libs/glew32.lib" />
					<Add library="../libs/ILU.lib" />
					<Add library="../libs/ILUT.lib" />
					<Add library="../libs/DevIL.dll" />
					<Add library="../libs/glfw3.dll" />
					<Add library="../libs/glfw3dll.lib" />
				</Linker>
			</Target>
			<Target title="Release">
				<Option platforms="Windows;Unix;" />
				<Option output="../QuickEngine" prefix_auto="1" extension_auto="1" />
				<Option object_output="../obj/Release/" />
				<Option type="1" />
				<Option compiler="cygwin" />
				<Compiler>
					<Add option="-m64" />
					<Add option="-std=gnu++11 -lstdc++ -lpthread" />
				</Compiler>
				<Linker>
					<Add option="-static-libstdc++" />
					<Add option="-static-libgcc" />
					<Add option="-static" />
					<Add option="-m64" />
					<Add library="../libs/DevIL.lib" />
					<Add library="../libs/glew32.lib" />
					<Add library="../libs/ilu.lib" />
					<Add library="../libs/ilut.lib" />
					<Add library="../libs/glfw3dll.lib" />
					<Add library="../libs/glfw3.dll" />
					<Add library="../libs/DevIL.dll" />
				</Linker>
			</Target>
		</Build>
		<Compiler>
			<Add option="-Wall" />
			<Add option="-std=c11" />
			<Add directory="../src" />
			<Add directory="../libs" />
			<Add directory="../include" />
		</Compiler>
		<ResourceCompiler>
			<Add directory="../include" />
			<Add directory="../libs" />
		</ResourceCompiler>
		<Linker>
			<Add directory="../src" />
			<Add directory="../include" />
		</Linker>
		<Unit filename="../include/glad/glad.cpp" />
		<Unit filename="../include/glad/glad.h" />
		<Unit filename="../include/glfw/glfw3.h" />
		<Unit filename="../include/glfw/glfw3native.h" />
		<Unit filename="../include/glm/common.hpp" />
		<Unit filename="../include/glm/detail/_features.hpp" />
		<Unit filename="../include/glm/detail/_fixes.hpp" />
		<Unit filename="../include/glm/detail/_noise.hpp" />
		<Unit filename="../include/glm/detail/_swizzle.hpp" />
		<Unit filename="../include/glm/detail/_swizzle_func.hpp" />
		<Unit filename="../include/glm/detail/_vectorize.hpp" />
		<Unit filename="../include/glm/detail/func_common.hpp" />
		<Unit filename="../include/glm/detail/func_exponential.hpp" />
		<Unit filename="../include/glm/detail/func_geometric.hpp" />
		<Unit filename="../include/glm/detail/func_integer.hpp" />
		<Unit filename="../include/glm/detail/func_matrix.hpp" />
		<Unit filename="../include/glm/detail/func_packing.hpp" />
		<Unit filename="../include/glm/detail/func_trigonometric.hpp" />
		<Unit filename="../include/glm/detail/func_vector_relational.hpp" />
		<Unit filename="../include/glm/detail/glm.cpp" />
		<Unit filename="../include/glm/detail/intrinsic_common.hpp" />
		<Unit filename="../include/glm/detail/intrinsic_exponential.hpp" />
		<Unit filename="../include/glm/detail/intrinsic_geometric.hpp" />
		<Unit filename="../include/glm/detail/intrinsic_integer.hpp" />
		<Unit filename="../include/glm/detail/intrinsic_matrix.hpp" />
		<Unit filename="../include/glm/detail/intrinsic_trigonometric.hpp" />
		<Unit filename="../include/glm/detail/intrinsic_vector_relational.hpp" />
		<Unit filename="../include/glm/detail/precision.hpp" />
		<Unit filename="../include/glm/detail/setup.hpp" />
		<Unit filename="../include/glm/detail/type_float.hpp" />
		<Unit filename="../include/glm/detail/type_gentype.hpp" />
		<Unit filename="../include/glm/detail/type_half.hpp" />
		<Unit filename="../include/glm/detail/type_int.hpp" />
		<Unit filename="../include/glm/detail/type_mat.hpp" />
		<Unit filename="../include/glm/detail/type_mat2x2.hpp" />
		<Unit filename="../include/glm/detail/type_mat2x3.hpp" />
		<Unit filename="../include/glm/detail/type_mat2x4.hpp" />
		<Unit filename="../include/glm/detail/type_mat3x2.hpp" />
		<Unit filename="../include/glm/detail/type_mat3x3.hpp" />
		<Unit filename="../include/glm/detail/type_mat3x4.hpp" />
		<Unit filename="../include/glm/detail/type_mat4x2.hpp" />
		<Unit filename="../include/glm/detail/type_mat4x3.hpp" />
		<Unit filename="../include/glm/detail/type_mat4x4.hpp" />
		<Unit filename="../include/glm/detail/type_vec.hpp" />
		<Unit filename="../include/glm/detail/type_vec1.hpp" />
		<Unit filename="../include/glm/detail/type_vec2.hpp" />
		<Unit filename="../include/glm/detail/type_vec3.hpp" />
		<Unit filename="../include/glm/detail/type_vec4.hpp" />
		<Unit filename="../include/glm/exponential.hpp" />
		<Unit filename="../include/glm/ext.hpp" />
		<Unit filename="../include/glm/fwd.hpp" />
		<Unit filename="../include/glm/geometric.hpp" />
		<Unit filename="../include/glm/glm.hpp" />
		<Unit filename="../include/glm/gtc/bitfield.hpp" />
		<Unit filename="../include/glm/gtc/color_space.hpp" />
		<Unit filename="../include/glm/gtc/constants.hpp" />
		<Unit filename="../include/glm/gtc/epsilon.hpp" />
		<Unit filename="../include/glm/gtc/integer.hpp" />
		<Unit filename="../include/glm/gtc/matrix_access.hpp" />
		<Unit filename="../include/glm/gtc/matrix_integer.hpp" />
		<Unit filename="../include/glm/gtc/matrix_inverse.hpp" />
		<Unit filename="../include/glm/gtc/matrix_transform.hpp" />
		<Unit filename="../include/glm/gtc/noise.hpp" />
		<Unit filename="../include/glm/gtc/packing.hpp" />
		<Unit filename="../include/glm/gtc/quaternion.hpp" />
		<Unit filename="../include/glm/gtc/random.hpp" />
		<Unit filename="../include/glm/gtc/reciprocal.hpp" />
		<Unit filename="../include/glm/gtc/round.hpp" />
		<Unit filename="../include/glm/gtc/type_precision.hpp" />
		<Unit filename="../include/glm/gtc/type_ptr.hpp" />
		<Unit filename="../include/glm/gtc/ulp.hpp" />
		<Unit filename="../include/glm/gtc/vec1.hpp" />
		<Unit filename="../include/glm/gtx/associated_min_max.hpp" />
		<Unit filename="../include/glm/gtx/bit.hpp" />
		<Unit filename="../include/glm/gtx/closest_point.hpp" />
		<Unit filename="../include/glm/gtx/color_space.hpp" />
		<Unit filename="../include/glm/gtx/color_space_YCoCg.hpp" />
		<Unit filename="../include/glm/gtx/common.hpp" />
		<Unit filename="../include/glm/gtx/compatibility.hpp" />
		<Unit filename="../include/glm/gtx/component_wise.hpp" />
		<Unit filename="../include/glm/gtx/dual_quaternion.hpp" />
		<Unit filename="../include/glm/gtx/euler_angles.hpp" />
		<Unit filename="../include/glm/gtx/extend.hpp" />
		<Unit filename="../include/glm/gtx/extented_min_max.hpp" />
		<Unit filename="../include/glm/gtx/fast_exponential.hpp" />
		<Unit filename="../include/glm/gtx/fast_square_root.hpp" />
		<Unit filename="../include/glm/gtx/fast_trigonometry.hpp" />
		<Unit filename="../include/glm/gtx/gradient_paint.hpp" />
		<Unit filename="../include/glm/gtx/handed_coordinate_space.hpp" />
		<Unit filename="../include/glm/gtx/hash.hpp" />
		<Unit filename="../include/glm/gtx/integer.hpp" />
		<Unit filename="../include/glm/gtx/intersect.hpp" />
		<Unit filename="../include/glm/gtx/io.hpp" />
		<Unit filename="../include/glm/gtx/log_base.hpp" />
		<Unit filename="../include/glm/gtx/matrix_cross_product.hpp" />
		<Unit filename="../include/glm/gtx/matrix_decompose.hpp" />
		<Unit filename="../include/glm/gtx/matrix_interpolation.hpp" />
		<Unit filename="../include/glm/gtx/matrix_major_storage.hpp" />
		<Unit filename="../include/glm/gtx/matrix_operation.hpp" />
		<Unit filename="../include/glm/gtx/matrix_query.hpp" />
		<Unit filename="../include/glm/gtx/matrix_transform_2d.hpp" />
		<Unit filename="../include/glm/gtx/mixed_product.hpp" />
		<Unit filename="../include/glm/gtx/norm.hpp" />
		<Unit filename="../include/glm/gtx/normal.hpp" />
		<Unit filename="../include/glm/gtx/normalize_dot.hpp" />
		<Unit filename="../include/glm/gtx/number_precision.hpp" />
		<Unit filename="../include/glm/gtx/optimum_pow.hpp" />
		<Unit filename="../include/glm/gtx/orthonormalize.hpp" />
		<Unit filename="../include/glm/gtx/perpendicular.hpp" />
		<Unit filename="../include/glm/gtx/polar_coordinates.hpp" />
		<Unit filename="../include/glm/gtx/projection.hpp" />
		<Unit filename="../include/glm/gtx/quaternion.hpp" />
		<Unit filename="../include/glm/gtx/range.hpp" />
		<Unit filename="../include/glm/gtx/raw_data.hpp" />
		<Unit filename="../include/glm/gtx/rotate_normalized_axis.hpp" />
		<Unit filename="../include/glm/gtx/rotate_vector.hpp" />
		<Unit filename="../include/glm/gtx/scalar_multiplication.hpp" />
		<Unit filename="../include/glm/gtx/scalar_relational.hpp" />
		<Unit filename="../include/glm/gtx/simd_mat4.hpp" />
		<Unit filename="../include/glm/gtx/simd_quat.hpp" />
		<Unit filename="../include/glm/gtx/simd_vec4.hpp" />
		<Unit filename="../include/glm/gtx/spline.hpp" />
		<Unit filename="../include/glm/gtx/std_based_type.hpp" />
		<Unit filename="../include/glm/gtx/string_cast.hpp" />
		<Unit filename="../include/glm/gtx/transform.hpp" />
		<Unit filename="../include/glm/gtx/transform2.hpp" />
		<Unit filename="../include/glm/gtx/type_aligned.hpp" />
		<Unit filename="../include/glm/gtx/vector_angle.hpp" />
		<Unit filename="../include/glm/gtx/vector_query.hpp" />
		<Unit filename="../include/glm/gtx/wrap.hpp" />
		<Unit filename="../include/glm/integer.hpp" />
		<Unit filename="../include/glm/mat2x2.hpp" />
		<Unit filename="../include/glm/mat2x3.hpp" />
		<Unit filename="../include/glm/mat2x4.hpp" />
		<Unit filename="../include/glm/mat3x2.hpp" />
		<Unit filename="../include/glm/mat3x3.hpp" />
		<Unit filename="../include/glm/mat3x4.hpp" />
		<Unit filename="../include/glm/mat4x2.hpp" />
		<Unit filename="../include/glm/mat4x3.hpp" />
		<Unit filename="../include/glm/mat4x4.hpp" />
		<Unit filename="../include/glm/matrix.hpp" />
		<Unit filename="../include/glm/packing.hpp" />
		<Unit filename="../include/glm/trigonometric.hpp" />
		<Unit filename="../include/glm/vec2.hpp" />
		<Unit filename="../include/glm/vec3.hpp" />
		<Unit filename="../include/glm/vec4.hpp" />
		<Unit filename="../include/glm/vector_relational.hpp" />
		<Unit filename="../include/il/devil_internal_exports.h" />
		<Unit filename="../include/il/il.h" />
		<Unit filename="../include/il/ilu.h" />
		<Unit filename="../include/il/ilu_region.h" />
		<Unit filename="../include/il/ilut.h" />
		<Unit filename="../include/khr/khrplatform.h" />
		<Unit filename="../shaders/fxaa.glsl" />
		<Unit filename="../shaders/light_fragment_shader.glsl" />
		<Unit filename="../shaders/light_vertex_shader.glsl" />
		<Unit filename="../shaders/post_shader_fragment.glsl" />
		<Unit filename="../shaders/post_shader_vertex.glsl" />
		<Unit filename="../shaders/shader_fragment.glsl" />
		<Unit filename="../shaders/shader_vertex.glsl" />
		<Unit filename="../shaders/ssao_fragment_shader.glsl" />
		<Unit filename="../shaders/ssao_vertex_shader.glsl" />
		<Unit filename="../src/graphics/Settings.h" />
		<Unit filename="../src/graphics/core/District.h" />
		<Unit filename="../src/graphics/core/EngineUtils.h" />
		<Unit filename="../src/graphics/core/camera.cpp" />
		<Unit filename="../src/graphics/core/camera.h" />
		<Unit filename="../src/graphics/core/engine.cpp" />
		<Unit filename="../src/graphics/core/engine.h" />
		<Unit filename="../src/graphics/core/engine_lol.cpp" />
		<Unit filename="../src/graphics/core/engine_utils.cpp" />
		<Unit filename="../src/graphics/core/glu.h" />
		<Unit filename="../src/graphics/core/main.cpp" />
		<Unit filename="../src/graphics/core/main.h" />
		<Unit filename="../src/graphics/core/material.cpp" />
		<Unit filename="../src/graphics/core/material.h" />
		<Unit filename="../src/graphics/core/max_model.h" />
		<Unit filename="../src/graphics/core/mesh.h" />
		<Unit filename="../src/graphics/core/model_loader.cpp" />
		<Unit filename="../src/graphics/core/model_loader.h" />
		<Unit filename="../src/graphics/core/object.h" />
		<Unit filename="../src/graphics/core/settings.h" />
		<Unit filename="../src/graphics/core/shader.cpp" />
		<Unit filename="../src/graphics/core/shader.h" />
		<Unit filename="../src/graphics/core/string_helper.cpp" />
		<Unit filename="../src/graphics/core/string_helper.h" />
		<Unit filename="../src/graphics/core/test_model.h" />
		<Unit filename="../src/graphics/core/texture.cpp" />
		<Unit filename="../src/graphics/core/texture.h" />
		<Unit filename="../src/graphics/resource.h" />
		<Extensions>
			<code_completion />
			<debugger />
			<envvars />
		</Extensions>
	</Project>
</CodeBlocks_project_file>
